
Microsoft Visual Studio Solution File, Format Version 12.00
# Visual Studio Version 16
VisualStudioVersion = 16.0.31019.35
MinimumVisualStudioVersion = 10.0.40219.1
Project("{FAE04EC0-301F-11D3-BF4B-00C04F79EFBC}") = "Initial", "Initial\Initial.csproj", "{B5A21D73-CDED-44C6-80EA-E4C5AE39449C}"
EndProject
Global
	GlobalSection(SolutionConfigurationPlatforms) = preSolution
		Debug|Any CPU = Debug|Any CPU
		Release|Any CPU = Release|Any CPU
	EndGlobalSection
	GlobalSection(ProjectConfigurationPlatforms) = postSolution
		{B5A21D73-CDED-44C6-80EA-E4C5AE39449C}.Debug|Any CPU.ActiveCfg = Debug|Any CPU
		{B5A21D73-CDED-44C6-80EA-E4C5AE39449C}.Debug|Any CPU.Build.0 = Debug|Any CPU
		{B5A21D73-CDED-44C6-80EA-E4C5AE39449C}.Release|Any CPU.ActiveCfg = Release|Any CPU
		{B5A21D73-CDED-44C6-80EA-E4C5AE39449C}.Release|Any CPU.Build.0 = Release|Any CPU
	EndGlobalSection
	GlobalSection(SolutionProperties) = preSolution
		HideSolutionNode = FALSE
	EndGlobalSection
	GlobalSection(ExtensibilityGlobals) = postSolution
		SolutionGuid = {EC5B15E0-2950-49A7-9B57-8497DF8D5185}
	EndGlobalSection
EndGlobal
